// !$*UTF8*$!
{
	archiveVersion = 1;
	classes = {
	};
	objectVersion = 56;
	objects = {

/* Begin PBXBuildFile section */
		E85189BC2A2C149C00409984 /* AppDelegate.swift in Sources */ = {isa = PBXBuildFile; fileRef = E85189BB2A2C149C00409984 /* AppDelegate.swift */; };
		E85189BE2A2C149C00409984 /* SceneDelegate.swift in Sources */ = {isa = PBXBuildFile; fileRef = E85189BD2A2C149C00409984 /* SceneDelegate.swift */; };
		E85189C02A2C149C00409984 /* RMTabBarController.swift in Sources */ = {isa = PBXBuildFile; fileRef = E85189BF2A2C149C00409984 /* RMTabBarController.swift */; };
		E85189C52A2C149D00409984 /* Assets.xcassets in Resources */ = {isa = PBXBuildFile; fileRef = E85189C42A2C149D00409984 /* Assets.xcassets */; };
		E85189C82A2C149D00409984 /* LaunchScreen.storyboard in Resources */ = {isa = PBXBuildFile; fileRef = E85189C62A2C149D00409984 /* LaunchScreen.storyboard */; };
		E85189D72A2C184E00409984 /* RMLocation.swift in Sources */ = {isa = PBXBuildFile; fileRef = E85189D62A2C184E00409984 /* RMLocation.swift */; };
		E85189D92A2C188700409984 /* RMCharacter.swift in Sources */ = {isa = PBXBuildFile; fileRef = E85189D82A2C188700409984 /* RMCharacter.swift */; };
		E85189DB2A2C189500409984 /* RMEpisode.swift in Sources */ = {isa = PBXBuildFile; fileRef = E85189DA2A2C189500409984 /* RMEpisode.swift */; };
		E85189DF2A2C1A3000409984 /* RMCharacterViewController.swift in Sources */ = {isa = PBXBuildFile; fileRef = E85189DE2A2C1A3000409984 /* RMCharacterViewController.swift */; };
		E85189E12A2C1A5D00409984 /* RMEpisodeViewController.swift in Sources */ = {isa = PBXBuildFile; fileRef = E85189E02A2C1A5D00409984 /* RMEpisodeViewController.swift */; };
		E85189E32A2C1A7B00409984 /* RMLocationViewController.swift in Sources */ = {isa = PBXBuildFile; fileRef = E85189E22A2C1A7B00409984 /* RMLocationViewController.swift */; };
		E85189E52A2C1AAB00409984 /* RMSettingsViewController.swift in Sources */ = {isa = PBXBuildFile; fileRef = E85189E42A2C1AAB00409984 /* RMSettingsViewController.swift */; };
		E85189E72A2C2B4B00409984 /* RMService.swift in Sources */ = {isa = PBXBuildFile; fileRef = E85189E62A2C2B4B00409984 /* RMService.swift */; };
		E85189E92A2C2B6900409984 /* RMRequest.swift in Sources */ = {isa = PBXBuildFile; fileRef = E85189E82A2C2B6900409984 /* RMRequest.swift */; };
		E85189EB2A2C2BE200409984 /* RMEndpoint.swift in Sources */ = {isa = PBXBuildFile; fileRef = E85189EA2A2C2BE200409984 /* RMEndpoint.swift */; };
		E85189ED2A2C328600409984 /* RMOrigin.swift in Sources */ = {isa = PBXBuildFile; fileRef = E85189EC2A2C328600409984 /* RMOrigin.swift */; };
		E85189EF2A2C33AB00409984 /* RMSingleLocation.swift in Sources */ = {isa = PBXBuildFile; fileRef = E85189EE2A2C33AB00409984 /* RMSingleLocation.swift */; };
		E85189F12A2C345D00409984 /* RMCharacterStatus.swift in Sources */ = {isa = PBXBuildFile; fileRef = E85189F02A2C345D00409984 /* RMCharacterStatus.swift */; };
		E85189F32A2C34AF00409984 /* RMCharacterGender.swift in Sources */ = {isa = PBXBuildFile; fileRef = E85189F22A2C34AF00409984 /* RMCharacterGender.swift */; };
		E861242E2A30C01800B73135 /* RMCharacterDetailViewController.swift in Sources */ = {isa = PBXBuildFile; fileRef = E861242D2A30C01800B73135 /* RMCharacterDetailViewController.swift */; };
		E86124302A30C0AA00B73135 /* RMCharacterDetailView.swift in Sources */ = {isa = PBXBuildFile; fileRef = E861242F2A30C0AA00B73135 /* RMCharacterDetailView.swift */; };
		E86124322A30C39D00B73135 /* RMCharacterDetailViewViewModel.swift in Sources */ = {isa = PBXBuildFile; fileRef = E86124312A30C39D00B73135 /* RMCharacterDetailViewViewModel.swift */; };
		E86D6E352A2C4E3A0040B02C /* RMGetAllCharactersResponnse.swift in Sources */ = {isa = PBXBuildFile; fileRef = E86D6E342A2C4E3A0040B02C /* RMGetAllCharactersResponnse.swift */; };
		E86D6E372A2C521C0040B02C /* RMCharacterListViewViewModel.swift in Sources */ = {isa = PBXBuildFile; fileRef = E86D6E362A2C521C0040B02C /* RMCharacterListViewViewModel.swift */; };
		E86D6E392A2C526C0040B02C /* RMCharacterListView.swift in Sources */ = {isa = PBXBuildFile; fileRef = E86D6E382A2C526C0040B02C /* RMCharacterListView.swift */; };
		E86D6E3C2A2C5B010040B02C /* UIView+Extensions.swift in Sources */ = {isa = PBXBuildFile; fileRef = E86D6E3B2A2C5B010040B02C /* UIView+Extensions.swift */; };
		E8D3A9B92A2CEE550004B3A8 /* RMCharacterCollectionViewCell.swift in Sources */ = {isa = PBXBuildFile; fileRef = E8D3A9B82A2CEE550004B3A8 /* RMCharacterCollectionViewCell.swift */; };
		E8D3A9BB2A2CEF780004B3A8 /* RMCharacterCollectionViewModel.swift in Sources */ = {isa = PBXBuildFile; fileRef = E8D3A9BA2A2CEF780004B3A8 /* RMCharacterCollectionViewModel.swift */; };
/* End PBXBuildFile section */

/* Begin PBXFileReference section */
		E85189B82A2C149C00409984 /* RickyAndMorty.app */ = {isa = PBXFileReference; explicitFileType = wrapper.application; includeInIndex = 0; path = RickyAndMorty.app; sourceTree = BUILT_PRODUCTS_DIR; };
		E85189BB2A2C149C00409984 /* AppDelegate.swift */ = {isa = PBXFileReference; lastKnownFileType = sourcecode.swift; path = AppDelegate.swift; sourceTree = "<group>"; };
		E85189BD2A2C149C00409984 /* SceneDelegate.swift */ = {isa = PBXFileReference; lastKnownFileType = sourcecode.swift; path = SceneDelegate.swift; sourceTree = "<group>"; };
		E85189BF2A2C149C00409984 /* RMTabBarController.swift */ = {isa = PBXFileReference; lastKnownFileType = sourcecode.swift; path = RMTabBarController.swift; sourceTree = "<group>"; };
		E85189C42A2C149D00409984 /* Assets.xcassets */ = {isa = PBXFileReference; lastKnownFileType = folder.assetcatalog; path = Assets.xcassets; sourceTree = "<group>"; };
		E85189C72A2C149D00409984 /* Base */ = {isa = PBXFileReference; lastKnownFileType = file.storyboard; name = Base; path = Base.lproj/LaunchScreen.storyboard; sourceTree = "<group>"; };
		E85189C92A2C149D00409984 /* Info.plist */ = {isa = PBXFileReference; lastKnownFileType = text.plist.xml; path = Info.plist; sourceTree = "<group>"; };
		E85189D62A2C184E00409984 /* RMLocation.swift */ = {isa = PBXFileReference; lastKnownFileType = sourcecode.swift; path = RMLocation.swift; sourceTree = "<group>"; };
		E85189D82A2C188700409984 /* RMCharacter.swift */ = {isa = PBXFileReference; lastKnownFileType = sourcecode.swift; path = RMCharacter.swift; sourceTree = "<group>"; };
		E85189DA2A2C189500409984 /* RMEpisode.swift */ = {isa = PBXFileReference; lastKnownFileType = sourcecode.swift; path = RMEpisode.swift; sourceTree = "<group>"; };
		E85189DE2A2C1A3000409984 /* RMCharacterViewController.swift */ = {isa = PBXFileReference; lastKnownFileType = sourcecode.swift; path = RMCharacterViewController.swift; sourceTree = "<group>"; };
		E85189E02A2C1A5D00409984 /* RMEpisodeViewController.swift */ = {isa = PBXFileReference; lastKnownFileType = sourcecode.swift; path = RMEpisodeViewController.swift; sourceTree = "<group>"; };
		E85189E22A2C1A7B00409984 /* RMLocationViewController.swift */ = {isa = PBXFileReference; lastKnownFileType = sourcecode.swift; path = RMLocationViewController.swift; sourceTree = "<group>"; };
		E85189E42A2C1AAB00409984 /* RMSettingsViewController.swift */ = {isa = PBXFileReference; lastKnownFileType = sourcecode.swift; path = RMSettingsViewController.swift; sourceTree = "<group>"; };
		E85189E62A2C2B4B00409984 /* RMService.swift */ = {isa = PBXFileReference; lastKnownFileType = sourcecode.swift; path = RMService.swift; sourceTree = "<group>"; };
		E85189E82A2C2B6900409984 /* RMRequest.swift */ = {isa = PBXFileReference; lastKnownFileType = sourcecode.swift; path = RMRequest.swift; sourceTree = "<group>"; };
		E85189EA2A2C2BE200409984 /* RMEndpoint.swift */ = {isa = PBXFileReference; lastKnownFileType = sourcecode.swift; path = RMEndpoint.swift; sourceTree = "<group>"; };
		E85189EC2A2C328600409984 /* RMOrigin.swift */ = {isa = PBXFileReference; lastKnownFileType = sourcecode.swift; path = RMOrigin.swift; sourceTree = "<group>"; };
		E85189EE2A2C33AB00409984 /* RMSingleLocation.swift */ = {isa = PBXFileReference; lastKnownFileType = sourcecode.swift; path = RMSingleLocation.swift; sourceTree = "<group>"; };
		E85189F02A2C345D00409984 /* RMCharacterStatus.swift */ = {isa = PBXFileReference; lastKnownFileType = sourcecode.swift; path = RMCharacterStatus.swift; sourceTree = "<group>"; };
		E85189F22A2C34AF00409984 /* RMCharacterGender.swift */ = {isa = PBXFileReference; lastKnownFileType = sourcecode.swift; path = RMCharacterGender.swift; sourceTree = "<group>"; };
		E861242D2A30C01800B73135 /* RMCharacterDetailViewController.swift */ = {isa = PBXFileReference; lastKnownFileType = sourcecode.swift; path = RMCharacterDetailViewController.swift; sourceTree = "<group>"; };
		E861242F2A30C0AA00B73135 /* RMCharacterDetailView.swift */ = {isa = PBXFileReference; lastKnownFileType = sourcecode.swift; path = RMCharacterDetailView.swift; sourceTree = "<group>"; };
		E86124312A30C39D00B73135 /* RMCharacterDetailViewViewModel.swift */ = {isa = PBXFileReference; lastKnownFileType = sourcecode.swift; path = RMCharacterDetailViewViewModel.swift; sourceTree = "<group>"; };
		E86D6E342A2C4E3A0040B02C /* RMGetAllCharactersResponnse.swift */ = {isa = PBXFileReference; lastKnownFileType = sourcecode.swift; path = RMGetAllCharactersResponnse.swift; sourceTree = "<group>"; };
		E86D6E362A2C521C0040B02C /* RMCharacterListViewViewModel.swift */ = {isa = PBXFileReference; lastKnownFileType = sourcecode.swift; path = RMCharacterListViewViewModel.swift; sourceTree = "<group>"; };
		E86D6E382A2C526C0040B02C /* RMCharacterListView.swift */ = {isa = PBXFileReference; lastKnownFileType = sourcecode.swift; path = RMCharacterListView.swift; sourceTree = "<group>"; };
		E86D6E3B2A2C5B010040B02C /* UIView+Extensions.swift */ = {isa = PBXFileReference; lastKnownFileType = sourcecode.swift; path = "UIView+Extensions.swift"; sourceTree = "<group>"; };
		E8D3A9B82A2CEE550004B3A8 /* RMCharacterCollectionViewCell.swift */ = {isa = PBXFileReference; lastKnownFileType = sourcecode.swift; path = RMCharacterCollectionViewCell.swift; sourceTree = "<group>"; };
		E8D3A9BA2A2CEF780004B3A8 /* RMCharacterCollectionViewModel.swift */ = {isa = PBXFileReference; lastKnownFileType = sourcecode.swift; path = RMCharacterCollectionViewModel.swift; sourceTree = "<group>"; };
/* End PBXFileReference section */

/* Begin PBXFrameworksBuildPhase section */
		E85189B52A2C149C00409984 /* Frameworks */ = {
			isa = PBXFrameworksBuildPhase;
			buildActionMask = 2147483647;
			files = (
			);
			runOnlyForDeploymentPostprocessing = 0;
		};
/* End PBXFrameworksBuildPhase section */

/* Begin PBXGroup section */
		E85189AF2A2C149C00409984 = {
			isa = PBXGroup;
			children = (
				E85189BA2A2C149C00409984 /* RickyAndMorty */,
				E85189B92A2C149C00409984 /* Products */,
			);
			sourceTree = "<group>";
		};
		E85189B92A2C149C00409984 /* Products */ = {
			isa = PBXGroup;
			children = (
				E85189B82A2C149C00409984 /* RickyAndMorty.app */,
			);
			name = Products;
			sourceTree = "<group>";
		};
		E85189BA2A2C149C00409984 /* RickyAndMorty */ = {
			isa = PBXGroup;
			children = (
				E86D6E3A2A2C5AF20040B02C /* Extensions */,
				E85189D52A2C17DC00409984 /* Resourcers */,
				E85189D42A2C17D500409984 /* Managers */,
				E85189D32A2C17BB00409984 /* APIClient */,
				E85189D22A2C178D00409984 /* ViewModels */,
				E85189D12A2C178500409984 /* Views */,
				E85189D02A2C177B00409984 /* Models */,
				E85189CF2A2C176800409984 /* Controllers */,
				E85189C92A2C149D00409984 /* Info.plist */,
			);
			path = RickyAndMorty;
			sourceTree = "<group>";
		};
		E85189CF2A2C176800409984 /* Controllers */ = {
			isa = PBXGroup;
			children = (
				E861242C2A30C00000B73135 /* Other */,
				E85189DD2A2C1A0100409984 /* Core */,
			);
			path = Controllers;
			sourceTree = "<group>";
		};
		E85189D02A2C177B00409984 /* Models */ = {
			isa = PBXGroup;
			children = (
				E86D6E332A2C4E1C0040B02C /* APIResponseTypes */,
				E86D6E322A2C4E030040B02C /* DataTypes */,
			);
			path = Models;
			sourceTree = "<group>";
		};
		E85189D12A2C178500409984 /* Views */ = {
			isa = PBXGroup;
			children = (
				E86D6E382A2C526C0040B02C /* RMCharacterListView.swift */,
				E8D3A9B82A2CEE550004B3A8 /* RMCharacterCollectionViewCell.swift */,
				E861242F2A30C0AA00B73135 /* RMCharacterDetailView.swift */,
			);
			path = Views;
			sourceTree = "<group>";
		};
		E85189D22A2C178D00409984 /* ViewModels */ = {
			isa = PBXGroup;
			children = (
				E86D6E362A2C521C0040B02C /* RMCharacterListViewViewModel.swift */,
				E8D3A9BA2A2CEF780004B3A8 /* RMCharacterCollectionViewModel.swift */,
				E86124312A30C39D00B73135 /* RMCharacterDetailViewViewModel.swift */,
			);
			path = ViewModels;
			sourceTree = "<group>";
		};
		E85189D32A2C17BB00409984 /* APIClient */ = {
			isa = PBXGroup;
			children = (
				E85189E62A2C2B4B00409984 /* RMService.swift */,
				E85189E82A2C2B6900409984 /* RMRequest.swift */,
				E85189EA2A2C2BE200409984 /* RMEndpoint.swift */,
			);
			path = APIClient;
			sourceTree = "<group>";
		};
		E85189D42A2C17D500409984 /* Managers */ = {
			isa = PBXGroup;
			children = (
			);
			path = Managers;
			sourceTree = "<group>";
		};
		E85189D52A2C17DC00409984 /* Resourcers */ = {
			isa = PBXGroup;
			children = (
				E85189BB2A2C149C00409984 /* AppDelegate.swift */,
				E85189BD2A2C149C00409984 /* SceneDelegate.swift */,
				E85189C42A2C149D00409984 /* Assets.xcassets */,
				E85189C62A2C149D00409984 /* LaunchScreen.storyboard */,
			);
			path = Resourcers;
			sourceTree = "<group>";
		};
		E85189DD2A2C1A0100409984 /* Core */ = {
			isa = PBXGroup;
			children = (
				E85189BF2A2C149C00409984 /* RMTabBarController.swift */,
				E85189DE2A2C1A3000409984 /* RMCharacterViewController.swift */,
				E85189E02A2C1A5D00409984 /* RMEpisodeViewController.swift */,
				E85189E22A2C1A7B00409984 /* RMLocationViewController.swift */,
				E85189E42A2C1AAB00409984 /* RMSettingsViewController.swift */,
			);
			path = Core;
			sourceTree = "<group>";
		};
		E861242C2A30C00000B73135 /* Other */ = {
			isa = PBXGroup;
			children = (
				E861242D2A30C01800B73135 /* RMCharacterDetailViewController.swift */,
			);
			path = Other;
			sourceTree = "<group>";
		};
		E86D6E322A2C4E030040B02C /* DataTypes */ = {
			isa = PBXGroup;
			children = (
				E85189D62A2C184E00409984 /* RMLocation.swift */,
				E85189D82A2C188700409984 /* RMCharacter.swift */,
				E85189DA2A2C189500409984 /* RMEpisode.swift */,
				E85189EC2A2C328600409984 /* RMOrigin.swift */,
				E85189EE2A2C33AB00409984 /* RMSingleLocation.swift */,
				E85189F02A2C345D00409984 /* RMCharacterStatus.swift */,
				E85189F22A2C34AF00409984 /* RMCharacterGender.swift */,
			);
			path = DataTypes;
			sourceTree = "<group>";
		};
		E86D6E332A2C4E1C0040B02C /* APIResponseTypes */ = {
			isa = PBXGroup;
			children = (
				E86D6E342A2C4E3A0040B02C /* RMGetAllCharactersResponnse.swift */,
			);
			path = APIResponseTypes;
			sourceTree = "<group>";
		};
		E86D6E3A2A2C5AF20040B02C /* Extensions */ = {
			isa = PBXGroup;
			children = (
				E86D6E3B2A2C5B010040B02C /* UIView+Extensions.swift */,
			);
			path = Extensions;
			sourceTree = "<group>";
		};
/* End PBXGroup section */

/* Begin PBXNativeTarget section */
		E85189B72A2C149C00409984 /* RickyAndMorty */ = {
			isa = PBXNativeTarget;
			buildConfigurationList = E85189CC2A2C149D00409984 /* Build configuration list for PBXNativeTarget "RickyAndMorty" */;
			buildPhases = (
				E85189B42A2C149C00409984 /* Sources */,
				E85189B52A2C149C00409984 /* Frameworks */,
				E85189B62A2C149C00409984 /* Resources */,
			);
			buildRules = (
			);
			dependencies = (
			);
			name = RickyAndMorty;
			productName = RickyAndMorty;
			productReference = E85189B82A2C149C00409984 /* RickyAndMorty.app */;
			productType = "com.apple.product-type.application";
		};
/* End PBXNativeTarget section */

/* Begin PBXProject section */
		E85189B02A2C149C00409984 /* Project object */ = {
			isa = PBXProject;
			attributes = {
				BuildIndependentTargetsInParallel = 1;
				LastSwiftUpdateCheck = 1430;
				LastUpgradeCheck = 1430;
				TargetAttributes = {
					E85189B72A2C149C00409984 = {
						CreatedOnToolsVersion = 14.3;
					};
				};
			};
			buildConfigurationList = E85189B32A2C149C00409984 /* Build configuration list for PBXProject "RickyAndMorty" */;
			compatibilityVersion = "Xcode 14.0";
			developmentRegion = en;
			hasScannedForEncodings = 0;
			knownRegions = (
				en,
				Base,
			);
			mainGroup = E85189AF2A2C149C00409984;
			productRefGroup = E85189B92A2C149C00409984 /* Products */;
			projectDirPath = "";
			projectRoot = "";
			targets = (
				E85189B72A2C149C00409984 /* RickyAndMorty */,
			);
		};
/* End PBXProject section */

/* Begin PBXResourcesBuildPhase section */
		E85189B62A2C149C00409984 /* Resources */ = {
			isa = PBXResourcesBuildPhase;
			buildActionMask = 2147483647;
			files = (
				E85189C82A2C149D00409984 /* LaunchScreen.storyboard in Resources */,
				E85189C52A2C149D00409984 /* Assets.xcassets in Resources */,
			);
			runOnlyForDeploymentPostprocessing = 0;
		};
/* End PBXResourcesBuildPhase section */

/* Begin PBXSourcesBuildPhase section */
		E85189B42A2C149C00409984 /* Sources */ = {
			isa = PBXSourcesBuildPhase;
			buildActionMask = 2147483647;
			files = (
				E86D6E3C2A2C5B010040B02C /* UIView+Extensions.swift in Sources */,
				E86124322A30C39D00B73135 /* RMCharacterDetailViewViewModel.swift in Sources */,
				E85189ED2A2C328600409984 /* RMOrigin.swift in Sources */,
				E85189EF2A2C33AB00409984 /* RMSingleLocation.swift in Sources */,
				E85189F12A2C345D00409984 /* RMCharacterStatus.swift in Sources */,
				E85189F32A2C34AF00409984 /* RMCharacterGender.swift in Sources */,
				E85189E32A2C1A7B00409984 /* RMLocationViewController.swift in Sources */,
				E861242E2A30C01800B73135 /* RMCharacterDetailViewController.swift in Sources */,
				E86D6E352A2C4E3A0040B02C /* RMGetAllCharactersResponnse.swift in Sources */,
				E86D6E392A2C526C0040B02C /* RMCharacterListView.swift in Sources */,
				E85189DB2A2C189500409984 /* RMEpisode.swift in Sources */,
				E8D3A9B92A2CEE550004B3A8 /* RMCharacterCollectionViewCell.swift in Sources */,
				E85189C02A2C149C00409984 /* RMTabBarController.swift in Sources */,
				E85189BC2A2C149C00409984 /* AppDelegate.swift in Sources */,
				E86D6E372A2C521C0040B02C /* RMCharacterListViewViewModel.swift in Sources */,
				E8D3A9BB2A2CEF780004B3A8 /* RMCharacterCollectionViewModel.swift in Sources */,
				E85189BE2A2C149C00409984 /* SceneDelegate.swift in Sources */,
				E85189D72A2C184E00409984 /* RMLocation.swift in Sources */,
				E85189E52A2C1AAB00409984 /* RMSettingsViewController.swift in Sources */,
				E85189E72A2C2B4B00409984 /* RMService.swift in Sources */,
				E85189D92A2C188700409984 /* RMCharacter.swift in Sources */,
				E85189EB2A2C2BE200409984 /* RMEndpoint.swift in Sources */,
				E85189DF2A2C1A3000409984 /* RMCharacterViewController.swift in Sources */,
				E85189E92A2C2B6900409984 /* RMRequest.swift in Sources */,
				E85189E12A2C1A5D00409984 /* RMEpisodeViewController.swift in Sources */,
				E86124302A30C0AA00B73135 /* RMCharacterDetailView.swift in Sources */,
			);
			runOnlyForDeploymentPostprocessing = 0;
		};
/* End PBXSourcesBuildPhase section */

/* Begin PBXVariantGroup section */
		E85189C62A2C149D00409984 /* LaunchScreen.storyboard */ = {
			isa = PBXVariantGroup;
			children = (
				E85189C72A2C149D00409984 /* Base */,
			);
			name = LaunchScreen.storyboard;
			sourceTree = "<group>";
		};
/* End PBXVariantGroup section */

/* Begin XCBuildConfiguration section */
		E85189CA2A2C149D00409984 /* Debug */ = {
			isa = XCBuildConfiguration;
			buildSettings = {
				ALWAYS_SEARCH_USER_PATHS = NO;
				CLANG_ANALYZER_NONNULL = YES;
				CLANG_ANALYZER_NUMBER_OBJECT_CONVERSION = YES_AGGRESSIVE;
				CLANG_CXX_LANGUAGE_STANDARD = "gnu++20";
				CLANG_ENABLE_MODULES = YES;
				CLANG_ENABLE_OBJC_ARC = YES;
				CLANG_ENABLE_OBJC_WEAK = YES;
				CLANG_WARN_BLOCK_CAPTURE_AUTORELEASING = YES;
				CLANG_WARN_BOOL_CONVERSION = YES;
				CLANG_WARN_COMMA = YES;
				CLANG_WARN_CONSTANT_CONVERSION = YES;
				CLANG_WARN_DEPRECATED_OBJC_IMPLEMENTATIONS = YES;
				CLANG_WARN_DIRECT_OBJC_ISA_USAGE = YES_ERROR;
				CLANG_WARN_DOCUMENTATION_COMMENTS = YES;
				CLANG_WARN_EMPTY_BODY = YES;
				CLANG_WARN_ENUM_CONVERSION = YES;
				CLANG_WARN_INFINITE_RECURSION = YES;
				CLANG_WARN_INT_CONVERSION = YES;
				CLANG_WARN_NON_LITERAL_NULL_CONVERSION = YES;
				CLANG_WARN_OBJC_IMPLICIT_RETAIN_SELF = YES;
				CLANG_WARN_OBJC_LITERAL_CONVERSION = YES;
				CLANG_WARN_OBJC_ROOT_CLASS = YES_ERROR;
				CLANG_WARN_QUOTED_INCLUDE_IN_FRAMEWORK_HEADER = YES;
				CLANG_WARN_RANGE_LOOP_ANALYSIS = YES;
				CLANG_WARN_STRICT_PROTOTYPES = YES;
				CLANG_WARN_SUSPICIOUS_MOVE = YES;
				CLANG_WARN_UNGUARDED_AVAILABILITY = YES_AGGRESSIVE;
				CLANG_WARN_UNREACHABLE_CODE = YES;
				CLANG_WARN__DUPLICATE_METHOD_MATCH = YES;
				COPY_PHASE_STRIP = NO;
				DEBUG_INFORMATION_FORMAT = dwarf;
				ENABLE_STRICT_OBJC_MSGSEND = YES;
				ENABLE_TESTABILITY = YES;
				GCC_C_LANGUAGE_STANDARD = gnu11;
				GCC_DYNAMIC_NO_PIC = NO;
				GCC_NO_COMMON_BLOCKS = YES;
				GCC_OPTIMIZATION_LEVEL = 0;
				GCC_PREPROCESSOR_DEFINITIONS = (
					"DEBUG=1",
					"$(inherited)",
				);
				GCC_WARN_64_TO_32_BIT_CONVERSION = YES;
				GCC_WARN_ABOUT_RETURN_TYPE = YES_ERROR;
				GCC_WARN_UNDECLARED_SELECTOR = YES;
				GCC_WARN_UNINITIALIZED_AUTOS = YES_AGGRESSIVE;
				GCC_WARN_UNUSED_FUNCTION = YES;
				GCC_WARN_UNUSED_VARIABLE = YES;
				IPHONEOS_DEPLOYMENT_TARGET = 16.4;
				MTL_ENABLE_DEBUG_INFO = INCLUDE_SOURCE;
				MTL_FAST_MATH = YES;
				ONLY_ACTIVE_ARCH = YES;
				SDKROOT = iphoneos;
				SWIFT_ACTIVE_COMPILATION_CONDITIONS = DEBUG;
				SWIFT_OPTIMIZATION_LEVEL = "-Onone";
			};
			name = Debug;
		};
		E85189CB2A2C149D00409984 /* Release */ = {
			isa = XCBuildConfiguration;
			buildSettings = {
				ALWAYS_SEARCH_USER_PATHS = NO;
				CLANG_ANALYZER_NONNULL = YES;
				CLANG_ANALYZER_NUMBER_OBJECT_CONVERSION = YES_AGGRESSIVE;
				CLANG_CXX_LANGUAGE_STANDARD = "gnu++20";
				CLANG_ENABLE_MODULES = YES;
				CLANG_ENABLE_OBJC_ARC = YES;
				CLANG_ENABLE_OBJC_WEAK = YES;
				CLANG_WARN_BLOCK_CAPTURE_AUTORELEASING = YES;
				CLANG_WARN_BOOL_CONVERSION = YES;
				CLANG_WARN_COMMA = YES;
				CLANG_WARN_CONSTANT_CONVERSION = YES;
				CLANG_WARN_DEPRECATED_OBJC_IMPLEMENTATIONS = YES;
				CLANG_WARN_DIRECT_OBJC_ISA_USAGE = YES_ERROR;
				CLANG_WARN_DOCUMENTATION_COMMENTS = YES;
				CLANG_WARN_EMPTY_BODY = YES;
				CLANG_WARN_ENUM_CONVERSION = YES;
				CLANG_WARN_INFINITE_RECURSION = YES;
				CLANG_WARN_INT_CONVERSION = YES;
				CLANG_WARN_NON_LITERAL_NULL_CONVERSION = YES;
				CLANG_WARN_OBJC_IMPLICIT_RETAIN_SELF = YES;
				CLANG_WARN_OBJC_LITERAL_CONVERSION = YES;
				CLANG_WARN_OBJC_ROOT_CLASS = YES_ERROR;
				CLANG_WARN_QUOTED_INCLUDE_IN_FRAMEWORK_HEADER = YES;
				CLANG_WARN_RANGE_LOOP_ANALYSIS = YES;
				CLANG_WARN_STRICT_PROTOTYPES = YES;
				CLANG_WARN_SUSPICIOUS_MOVE = YES;
				CLANG_WARN_UNGUARDED_AVAILABILITY = YES_AGGRESSIVE;
				CLANG_WARN_UNREACHABLE_CODE = YES;
				CLANG_WARN__DUPLICATE_METHOD_MATCH = YES;
				COPY_PHASE_STRIP = NO;
				DEBUG_INFORMATION_FORMAT = "dwarf-with-dsym";
				ENABLE_NS_ASSERTIONS = NO;
				ENABLE_STRICT_OBJC_MSGSEND = YES;
				GCC_C_LANGUAGE_STANDARD = gnu11;
				GCC_NO_COMMON_BLOCKS = YES;
				GCC_WARN_64_TO_32_BIT_CONVERSION = YES;
				GCC_WARN_ABOUT_RETURN_TYPE = YES_ERROR;
				GCC_WARN_UNDECLARED_SELECTOR = YES;
				GCC_WARN_UNINITIALIZED_AUTOS = YES_AGGRESSIVE;
				GCC_WARN_UNUSED_FUNCTION = YES;
				GCC_WARN_UNUSED_VARIABLE = YES;
				IPHONEOS_DEPLOYMENT_TARGET = 16.4;
				MTL_ENABLE_DEBUG_INFO = NO;
				MTL_FAST_MATH = YES;
				SDKROOT = iphoneos;
				SWIFT_COMPILATION_MODE = wholemodule;
				SWIFT_OPTIMIZATION_LEVEL = "-O";
				VALIDATE_PRODUCT = YES;
			};
			name = Release;
		};
		E85189CD2A2C149D00409984 /* Debug */ = {
			isa = XCBuildConfiguration;
			buildSettings = {
				ASSETCATALOG_COMPILER_APPICON_NAME = AppIcon;
				ASSETCATALOG_COMPILER_GLOBAL_ACCENT_COLOR_NAME = AccentColor;
				CODE_SIGN_STYLE = Automatic;
				CURRENT_PROJECT_VERSION = 1;
				DEVELOPMENT_TEAM = Y65JAZKR5L;
				GENERATE_INFOPLIST_FILE = YES;
				INFOPLIST_FILE = RickyAndMorty/Info.plist;
				INFOPLIST_KEY_CFBundleDisplayName = "Rick and Morty";
				INFOPLIST_KEY_UIApplicationSupportsIndirectInputEvents = YES;
				INFOPLIST_KEY_UILaunchStoryboardName = LaunchScreen;
				INFOPLIST_KEY_UISupportedInterfaceOrientations_iPad = "UIInterfaceOrientationPortrait UIInterfaceOrientationPortraitUpsideDown UIInterfaceOrientationLandscapeLeft UIInterfaceOrientationLandscapeRight";
				INFOPLIST_KEY_UISupportedInterfaceOrientations_iPhone = "UIInterfaceOrientationPortrait UIInterfaceOrientationLandscapeLeft UIInterfaceOrientationLandscapeRight";
				LD_RUNPATH_SEARCH_PATHS = (
					"$(inherited)",
					"@executable_path/Frameworks",
				);
				MARKETING_VERSION = 1.0;
				PRODUCT_BUNDLE_IDENTIFIER = com.devemeist3r.RickyAndMorty;
				PRODUCT_NAME = "$(TARGET_NAME)";
				SWIFT_EMIT_LOC_STRINGS = YES;
				SWIFT_VERSION = 5.0;
				TARGETED_DEVICE_FAMILY = "1,2";
			};
			name = Debug;
		};
		E85189CE2A2C149D00409984 /* Release */ = {
			isa = XCBuildConfiguration;
			buildSettings = {
				ASSETCATALOG_COMPILER_APPICON_NAME = AppIcon;
				ASSETCATALOG_COMPILER_GLOBAL_ACCENT_COLOR_NAME = AccentColor;
				CODE_SIGN_STYLE = Automatic;
				CURRENT_PROJECT_VERSION = 1;
				DEVELOPMENT_TEAM = Y65JAZKR5L;
				GENERATE_INFOPLIST_FILE = YES;
				INFOPLIST_FILE = RickyAndMorty/Info.plist;
				INFOPLIST_KEY_CFBundleDisplayName = "Rick and Morty";
				INFOPLIST_KEY_UIApplicationSupportsIndirectInputEvents = YES;
				INFOPLIST_KEY_UILaunchStoryboardName = LaunchScreen;
				INFOPLIST_KEY_UISupportedInterfaceOrientations_iPad = "UIInterfaceOrientationPortrait UIInterfaceOrientationPortraitUpsideDown UIInterfaceOrientationLandscapeLeft UIInterfaceOrientationLandscapeRight";
				INFOPLIST_KEY_UISupportedInterfaceOrientations_iPhone = "UIInterfaceOrientationPortrait UIInterfaceOrientationLandscapeLeft UIInterfaceOrientationLandscapeRight";
				LD_RUNPATH_SEARCH_PATHS = (
					"$(inherited)",
					"@executable_path/Frameworks",
				);
				MARKETING_VERSION = 1.0;
				PRODUCT_BUNDLE_IDENTIFIER = com.devemeist3r.RickyAndMorty;
				PRODUCT_NAME = "$(TARGET_NAME)";
				SWIFT_EMIT_LOC_STRINGS = YES;
				SWIFT_VERSION = 5.0;
				TARGETED_DEVICE_FAMILY = "1,2";
			};
			name = Release;
		};
/* End XCBuildConfiguration section */

/* Begin XCConfigurationList section */
		E85189B32A2C149C00409984 /* Build configuration list for PBXProject "RickyAndMorty" */ = {
			isa = XCConfigurationList;
			buildConfigurations = (
				E85189CA2A2C149D00409984 /* Debug */,
				E85189CB2A2C149D00409984 /* Release */,
			);
			defaultConfigurationIsVisible = 0;
			defaultConfigurationName = Release;
		};
		E85189CC2A2C149D00409984 /* Build configuration list for PBXNativeTarget "RickyAndMorty" */ = {
			isa = XCConfigurationList;
			buildConfigurations = (
				E85189CD2A2C149D00409984 /* Debug */,
				E85189CE2A2C149D00409984 /* Release */,
			);
			defaultConfigurationIsVisible = 0;
			defaultConfigurationName = Release;
		};
/* End XCConfigurationList section */
	};
	rootObject = E85189B02A2C149C00409984 /* Project object */;
}
